
Microsoft Visual Studio Solution File, Format Version 12.00
# Visual Studio 15
VisualStudioVersion = 15.0.26403.7
MinimumVisualStudioVersion = 10.0.40219.1
Project("{D954291E-2A0B-460D-934E-DC6B0785DB48}") = "MapsuiFormsSample", "MapsuiFormsSample\MapsuiFormsSample\MapsuiFormsSample.shproj", "{293FF4BD-5592-4EAC-865B-71B65108B053}"
EndProject
Project("{FAE04EC0-301F-11D3-BF4B-00C04F79EFBC}") = "MapsuiFormsSample.Android", "MapsuiFormsSample\MapsuiFormsSample.Android\MapsuiFormsSample.Android.csproj", "{D08859D5-3DEC-4DEC-BAA0-DA1DBAE310D2}"
EndProject
Project("{FAE04EC0-301F-11D3-BF4B-00C04F79EFBC}") = "MapsuiFormsSample.iOS", "MapsuiFormsSample\MapsuiFormsSample.iOS\MapsuiFormsSample.iOS.csproj", "{DCA158EC-A141-4402-BA20-97E2BDE53900}"
EndProject
Project("{FAE04EC0-301F-11D3-BF4B-00C04F79EFBC}") = "MapsuiFormsSample.UWP", "MapsuiFormsSample\MapsuiFormsSample.UWP\MapsuiFormsSample.UWP.csproj", "{0C474D1F-65C5-4BCF-82C8-B66F62070584}"
EndProject
Global
	GlobalSection(SharedMSBuildProjectFiles) = preSolution
		MapsuiFormsSample\MapsuiFormsSample\MapsuiFormsSample.projitems*{0c474d1f-65c5-4bcf-82c8-b66f62070584}*SharedItemsImports = 4
		MapsuiFormsSample\MapsuiFormsSample\MapsuiFormsSample.projitems*{293ff4bd-5592-4eac-865b-71b65108b053}*SharedItemsImports = 13
		MapsuiFormsSample\MapsuiFormsSample\MapsuiFormsSample.projitems*{d08859d5-3dec-4dec-baa0-da1dbae310d2}*SharedItemsImports = 4
		MapsuiFormsSample\MapsuiFormsSample\MapsuiFormsSample.projitems*{dca158ec-a141-4402-ba20-97e2bde53900}*SharedItemsImports = 4
	EndGlobalSection
	GlobalSection(SolutionConfigurationPlatforms) = preSolution
		Ad-Hoc|Any CPU = Ad-Hoc|Any CPU
		Ad-Hoc|ARM = Ad-Hoc|ARM
		Ad-Hoc|iPhone = Ad-Hoc|iPhone
		Ad-Hoc|iPhoneSimulator = Ad-Hoc|iPhoneSimulator
		Ad-Hoc|x64 = Ad-Hoc|x64
		Ad-Hoc|x86 = Ad-Hoc|x86
		AppStore|Any CPU = AppStore|Any CPU
		AppStore|ARM = AppStore|ARM
		AppStore|iPhone = AppStore|iPhone
		AppStore|iPhoneSimulator = AppStore|iPhoneSimulator
		AppStore|x64 = AppStore|x64
		AppStore|x86 = AppStore|x86
		Debug|Any CPU = Debug|Any CPU
		Debug|ARM = Debug|ARM
		Debug|iPhone = Debug|iPhone
		Debug|iPhoneSimulator = Debug|iPhoneSimulator
		Debug|x64 = Debug|x64
		Debug|x86 = Debug|x86
		Release|Any CPU = Release|Any CPU
		Release|ARM = Release|ARM
		Release|iPhone = Release|iPhone
		Release|iPhoneSimulator = Release|iPhoneSimulator
		Release|x64 = Release|x64
		Release|x86 = Release|x86
	EndGlobalSection
	GlobalSection(ProjectConfigurationPlatforms) = postSolution
		{D08859D5-3DEC-4DEC-BAA0-DA1DBAE310D2}.Ad-Hoc|Any CPU.ActiveCfg = Release|Any CPU
		{D08859D5-3DEC-4DEC-BAA0-DA1DBAE310D2}.Ad-Hoc|Any CPU.Build.0 = Release|Any CPU
		{D08859D5-3DEC-4DEC-BAA0-DA1DBAE310D2}.Ad-Hoc|Any CPU.Deploy.0 = Release|Any CPU
		{D08859D5-3DEC-4DEC-BAA0-DA1DBAE310D2}.Ad-Hoc|ARM.ActiveCfg = Release|Any CPU
		{D08859D5-3DEC-4DEC-BAA0-DA1DBAE310D2}.Ad-Hoc|ARM.Build.0 = Release|Any CPU
		{D08859D5-3DEC-4DEC-BAA0-DA1DBAE310D2}.Ad-Hoc|ARM.Deploy.0 = Release|Any CPU
		{D08859D5-3DEC-4DEC-BAA0-DA1DBAE310D2}.Ad-Hoc|iPhone.ActiveCfg = Release|Any CPU
		{D08859D5-3DEC-4DEC-BAA0-DA1DBAE310D2}.Ad-Hoc|iPhone.Build.0 = Release|Any CPU
		{D08859D5-3DEC-4DEC-BAA0-DA1DBAE310D2}.Ad-Hoc|iPhone.Deploy.0 = Release|Any CPU
		{D08859D5-3DEC-4DEC-BAA0-DA1DBAE310D2}.Ad-Hoc|iPhoneSimulator.ActiveCfg = Release|Any CPU
		{D08859D5-3DEC-4DEC-BAA0-DA1DBAE310D2}.Ad-Hoc|iPhoneSimulator.Build.0 = Release|Any CPU
		{D08859D5-3DEC-4DEC-BAA0-DA1DBAE310D2}.Ad-Hoc|iPhoneSimulator.Deploy.0 = Release|Any CPU
		{D08859D5-3DEC-4DEC-BAA0-DA1DBAE310D2}.Ad-Hoc|x64.ActiveCfg = Release|Any CPU
		{D08859D5-3DEC-4DEC-BAA0-DA1DBAE310D2}.Ad-Hoc|x64.Build.0 = Release|Any CPU
		{D08859D5-3DEC-4DEC-BAA0-DA1DBAE310D2}.Ad-Hoc|x64.Deploy.0 = Release|Any CPU
		{D08859D5-3DEC-4DEC-BAA0-DA1DBAE310D2}.Ad-Hoc|x86.ActiveCfg = Release|Any CPU
		{D08859D5-3DEC-4DEC-BAA0-DA1DBAE310D2}.Ad-Hoc|x86.Build.0 = Release|Any CPU
		{D08859D5-3DEC-4DEC-BAA0-DA1DBAE310D2}.Ad-Hoc|x86.Deploy.0 = Release|Any CPU
		{D08859D5-3DEC-4DEC-BAA0-DA1DBAE310D2}.AppStore|Any CPU.ActiveCfg = Release|Any CPU
		{D08859D5-3DEC-4DEC-BAA0-DA1DBAE310D2}.AppStore|Any CPU.Build.0 = Release|Any CPU
		{D08859D5-3DEC-4DEC-BAA0-DA1DBAE310D2}.AppStore|Any CPU.Deploy.0 = Release|Any CPU
		{D08859D5-3DEC-4DEC-BAA0-DA1DBAE310D2}.AppStore|ARM.ActiveCfg = Release|Any CPU
		{D08859D5-3DEC-4DEC-BAA0-DA1DBAE310D2}.AppStore|ARM.Build.0 = Release|Any CPU
		{D08859D5-3DEC-4DEC-BAA0-DA1DBAE310D2}.AppStore|ARM.Deploy.0 = Release|Any CPU
		{D08859D5-3DEC-4DEC-BAA0-DA1DBAE310D2}.AppStore|iPhone.ActiveCfg = Release|Any CPU
		{D08859D5-3DEC-4DEC-BAA0-DA1DBAE310D2}.AppStore|iPhone.Build.0 = Release|Any CPU
		{D08859D5-3DEC-4DEC-BAA0-DA1DBAE310D2}.AppStore|iPhone.Deploy.0 = Release|Any CPU
		{D08859D5-3DEC-4DEC-BAA0-DA1DBAE310D2}.AppStore|iPhoneSimulator.ActiveCfg = Release|Any CPU
		{D08859D5-3DEC-4DEC-BAA0-DA1DBAE310D2}.AppStore|iPhoneSimulator.Build.0 = Release|Any CPU
		{D08859D5-3DEC-4DEC-BAA0-DA1DBAE310D2}.AppStore|iPhoneSimulator.Deploy.0 = Release|Any CPU
		{D08859D5-3DEC-4DEC-BAA0-DA1DBAE310D2}.AppStore|x64.ActiveCfg = Release|Any CPU
		{D08859D5-3DEC-4DEC-BAA0-DA1DBAE310D2}.AppStore|x64.Build.0 = Release|Any CPU
		{D08859D5-3DEC-4DEC-BAA0-DA1DBAE310D2}.AppStore|x64.Deploy.0 = Release|Any CPU
		{D08859D5-3DEC-4DEC-BAA0-DA1DBAE310D2}.AppStore|x86.ActiveCfg = Release|Any CPU
		{D08859D5-3DEC-4DEC-BAA0-DA1DBAE310D2}.AppStore|x86.Build.0 = Release|Any CPU
		{D08859D5-3DEC-4DEC-BAA0-DA1DBAE310D2}.AppStore|x86.Deploy.0 = Release|Any CPU
		{D08859D5-3DEC-4DEC-BAA0-DA1DBAE310D2}.Debug|Any CPU.ActiveCfg = Debug|Any CPU
		{D08859D5-3DEC-4DEC-BAA0-DA1DBAE310D2}.Debug|Any CPU.Build.0 = Debug|Any CPU
		{D08859D5-3DEC-4DEC-BAA0-DA1DBAE310D2}.Debug|Any CPU.Deploy.0 = Debug|Any CPU
		{D08859D5-3DEC-4DEC-BAA0-DA1DBAE310D2}.Debug|ARM.ActiveCfg = Debug|Any CPU
		{D08859D5-3DEC-4DEC-BAA0-DA1DBAE310D2}.Debug|ARM.Build.0 = Debug|Any CPU
		{D08859D5-3DEC-4DEC-BAA0-DA1DBAE310D2}.Debug|ARM.Deploy.0 = Debug|Any CPU
		{D08859D5-3DEC-4DEC-BAA0-DA1DBAE310D2}.Debug|iPhone.ActiveCfg = Debug|Any CPU
		{D08859D5-3DEC-4DEC-BAA0-DA1DBAE310D2}.Debug|iPhone.Build.0 = Debug|Any CPU
		{D08859D5-3DEC-4DEC-BAA0-DA1DBAE310D2}.Debug|iPhone.Deploy.0 = Debug|Any CPU
		{D08859D5-3DEC-4DEC-BAA0-DA1DBAE310D2}.Debug|iPhoneSimulator.ActiveCfg = Debug|Any CPU
		{D08859D5-3DEC-4DEC-BAA0-DA1DBAE310D2}.Debug|iPhoneSimulator.Build.0 = Debug|Any CPU
		{D08859D5-3DEC-4DEC-BAA0-DA1DBAE310D2}.Debug|iPhoneSimulator.Deploy.0 = Debug|Any CPU
		{D08859D5-3DEC-4DEC-BAA0-DA1DBAE310D2}.Debug|x64.ActiveCfg = Debug|Any CPU
		{D08859D5-3DEC-4DEC-BAA0-DA1DBAE310D2}.Debug|x64.Build.0 = Debug|Any CPU
		{D08859D5-3DEC-4DEC-BAA0-DA1DBAE310D2}.Debug|x64.Deploy.0 = Debug|Any CPU
		{D08859D5-3DEC-4DEC-BAA0-DA1DBAE310D2}.Debug|x86.ActiveCfg = Debug|Any CPU
		{D08859D5-3DEC-4DEC-BAA0-DA1DBAE310D2}.Debug|x86.Build.0 = Debug|Any CPU
		{D08859D5-3DEC-4DEC-BAA0-DA1DBAE310D2}.Debug|x86.Deploy.0 = Debug|Any CPU
		{D08859D5-3DEC-4DEC-BAA0-DA1DBAE310D2}.Release|Any CPU.ActiveCfg = Release|Any CPU
		{D08859D5-3DEC-4DEC-BAA0-DA1DBAE310D2}.Release|Any CPU.Build.0 = Release|Any CPU
		{D08859D5-3DEC-4DEC-BAA0-DA1DBAE310D2}.Release|Any CPU.Deploy.0 = Release|Any CPU
		{D08859D5-3DEC-4DEC-BAA0-DA1DBAE310D2}.Release|ARM.ActiveCfg = Release|Any CPU
		{D08859D5-3DEC-4DEC-BAA0-DA1DBAE310D2}.Release|ARM.Build.0 = Release|Any CPU
		{D08859D5-3DEC-4DEC-BAA0-DA1DBAE310D2}.Release|ARM.Deploy.0 = Release|Any CPU
		{D08859D5-3DEC-4DEC-BAA0-DA1DBAE310D2}.Release|iPhone.ActiveCfg = Release|Any CPU
		{D08859D5-3DEC-4DEC-BAA0-DA1DBAE310D2}.Release|iPhone.Build.0 = Release|Any CPU
		{D08859D5-3DEC-4DEC-BAA0-DA1DBAE310D2}.Release|iPhone.Deploy.0 = Release|Any CPU
		{D08859D5-3DEC-4DEC-BAA0-DA1DBAE310D2}.Release|iPhoneSimulator.ActiveCfg = Release|Any CPU
		{D08859D5-3DEC-4DEC-BAA0-DA1DBAE310D2}.Release|iPhoneSimulator.Build.0 = Release|Any CPU
		{D08859D5-3DEC-4DEC-BAA0-DA1DBAE310D2}.Release|iPhoneSimulator.Deploy.0 = Release|Any CPU
		{D08859D5-3DEC-4DEC-BAA0-DA1DBAE310D2}.Release|x64.ActiveCfg = Release|Any CPU
		{D08859D5-3DEC-4DEC-BAA0-DA1DBAE310D2}.Release|x64.Build.0 = Release|Any CPU
		{D08859D5-3DEC-4DEC-BAA0-DA1DBAE310D2}.Release|x64.Deploy.0 = Release|Any CPU
		{D08859D5-3DEC-4DEC-BAA0-DA1DBAE310D2}.Release|x86.ActiveCfg = Release|Any CPU
		{D08859D5-3DEC-4DEC-BAA0-DA1DBAE310D2}.Release|x86.Build.0 = Release|Any CPU
		{D08859D5-3DEC-4DEC-BAA0-DA1DBAE310D2}.Release|x86.Deploy.0 = Release|Any CPU
		{DCA158EC-A141-4402-BA20-97E2BDE53900}.Ad-Hoc|Any CPU.ActiveCfg = Ad-Hoc|iPhone
		{DCA158EC-A141-4402-BA20-97E2BDE53900}.Ad-Hoc|ARM.ActiveCfg = Ad-Hoc|iPhone
		{DCA158EC-A141-4402-BA20-97E2BDE53900}.Ad-Hoc|iPhone.ActiveCfg = Ad-Hoc|iPhone
		{DCA158EC-A141-4402-BA20-97E2BDE53900}.Ad-Hoc|iPhone.Build.0 = Ad-Hoc|iPhone
		{DCA158EC-A141-4402-BA20-97E2BDE53900}.Ad-Hoc|iPhoneSimulator.ActiveCfg = Ad-Hoc|iPhoneSimulator
		{DCA158EC-A141-4402-BA20-97E2BDE53900}.Ad-Hoc|iPhoneSimulator.Build.0 = Ad-Hoc|iPhoneSimulator
		{DCA158EC-A141-4402-BA20-97E2BDE53900}.Ad-Hoc|x64.ActiveCfg = Ad-Hoc|iPhone
		{DCA158EC-A141-4402-BA20-97E2BDE53900}.Ad-Hoc|x86.ActiveCfg = Ad-Hoc|iPhone
		{DCA158EC-A141-4402-BA20-97E2BDE53900}.AppStore|Any CPU.ActiveCfg = AppStore|iPhone
		{DCA158EC-A141-4402-BA20-97E2BDE53900}.AppStore|ARM.ActiveCfg = AppStore|iPhone
		{DCA158EC-A141-4402-BA20-97E2BDE53900}.AppStore|iPhone.ActiveCfg = AppStore|iPhone
		{DCA158EC-A141-4402-BA20-97E2BDE53900}.AppStore|iPhone.Build.0 = AppStore|iPhone
		{DCA158EC-A141-4402-BA20-97E2BDE53900}.AppStore|iPhoneSimulator.ActiveCfg = AppStore|iPhoneSimulator
		{DCA158EC-A141-4402-BA20-97E2BDE53900}.AppStore|iPhoneSimulator.Build.0 = AppStore|iPhoneSimulator
		{DCA158EC-A141-4402-BA20-97E2BDE53900}.AppStore|x64.ActiveCfg = AppStore|iPhone
		{DCA158EC-A141-4402-BA20-97E2BDE53900}.AppStore|x86.ActiveCfg = AppStore|iPhone
		{DCA158EC-A141-4402-BA20-97E2BDE53900}.Debug|Any CPU.ActiveCfg = Debug|iPhone
		{DCA158EC-A141-4402-BA20-97E2BDE53900}.Debug|ARM.ActiveCfg = Debug|iPhone
		{DCA158EC-A141-4402-BA20-97E2BDE53900}.Debug|iPhone.ActiveCfg = Debug|iPhone
		{DCA158EC-A141-4402-BA20-97E2BDE53900}.Debug|iPhone.Build.0 = Debug|iPhone
		{DCA158EC-A141-4402-BA20-97E2BDE53900}.Debug|iPhoneSimulator.ActiveCfg = Debug|iPhoneSimulator
		{DCA158EC-A141-4402-BA20-97E2BDE53900}.Debug|iPhoneSimulator.Build.0 = Debug|iPhoneSimulator
		{DCA158EC-A141-4402-BA20-97E2BDE53900}.Debug|x64.ActiveCfg = Debug|iPhone
		{DCA158EC-A141-4402-BA20-97E2BDE53900}.Debug|x86.ActiveCfg = Debug|iPhone
		{DCA158EC-A141-4402-BA20-97E2BDE53900}.Release|Any CPU.ActiveCfg = Release|iPhone
		{DCA158EC-A141-4402-BA20-97E2BDE53900}.Release|ARM.ActiveCfg = Release|iPhone
		{DCA158EC-A141-4402-BA20-97E2BDE53900}.Release|iPhone.ActiveCfg = Release|iPhone
		{DCA158EC-A141-4402-BA20-97E2BDE53900}.Release|iPhone.Build.0 = Release|iPhone
		{DCA158EC-A141-4402-BA20-97E2BDE53900}.Release|iPhoneSimulator.ActiveCfg = Release|iPhoneSimulator
		{DCA158EC-A141-4402-BA20-97E2BDE53900}.Release|iPhoneSimulator.Build.0 = Release|iPhoneSimulator
		{DCA158EC-A141-4402-BA20-97E2BDE53900}.Release|x64.ActiveCfg = Release|iPhone
		{DCA158EC-A141-4402-BA20-97E2BDE53900}.Release|x86.ActiveCfg = Release|iPhone
		{0C474D1F-65C5-4BCF-82C8-B66F62070584}.Ad-Hoc|Any CPU.ActiveCfg = Release|x86
		{0C474D1F-65C5-4BCF-82C8-B66F62070584}.Ad-Hoc|Any CPU.Build.0 = Release|x86
		{0C474D1F-65C5-4BCF-82C8-B66F62070584}.Ad-Hoc|Any CPU.Deploy.0 = Release|x86
		{0C474D1F-65C5-4BCF-82C8-B66F62070584}.Ad-Hoc|ARM.ActiveCfg = Release|ARM
		{0C474D1F-65C5-4BCF-82C8-B66F62070584}.Ad-Hoc|ARM.Build.0 = Release|ARM
		{0C474D1F-65C5-4BCF-82C8-B66F62070584}.Ad-Hoc|ARM.Deploy.0 = Release|ARM
		{0C474D1F-65C5-4BCF-82C8-B66F62070584}.Ad-Hoc|iPhone.ActiveCfg = Release|x86
		{0C474D1F-65C5-4BCF-82C8-B66F62070584}.Ad-Hoc|iPhone.Build.0 = Release|x86
		{0C474D1F-65C5-4BCF-82C8-B66F62070584}.Ad-Hoc|iPhone.Deploy.0 = Release|x86
		{0C474D1F-65C5-4BCF-82C8-B66F62070584}.Ad-Hoc|iPhoneSimulator.ActiveCfg = Release|x86
		{0C474D1F-65C5-4BCF-82C8-B66F62070584}.Ad-Hoc|iPhoneSimulator.Build.0 = Release|x86
		{0C474D1F-65C5-4BCF-82C8-B66F62070584}.Ad-Hoc|iPhoneSimulator.Deploy.0 = Release|x86
		{0C474D1F-65C5-4BCF-82C8-B66F62070584}.Ad-Hoc|x64.ActiveCfg = Release|x64
		{0C474D1F-65C5-4BCF-82C8-B66F62070584}.Ad-Hoc|x64.Build.0 = Release|x64
		{0C474D1F-65C5-4BCF-82C8-B66F62070584}.Ad-Hoc|x64.Deploy.0 = Release|x64
		{0C474D1F-65C5-4BCF-82C8-B66F62070584}.Ad-Hoc|x86.ActiveCfg = Release|x86
		{0C474D1F-65C5-4BCF-82C8-B66F62070584}.Ad-Hoc|x86.Build.0 = Release|x86
		{0C474D1F-65C5-4BCF-82C8-B66F62070584}.Ad-Hoc|x86.Deploy.0 = Release|x86
		{0C474D1F-65C5-4BCF-82C8-B66F62070584}.AppStore|Any CPU.ActiveCfg = Release|x86
		{0C474D1F-65C5-4BCF-82C8-B66F62070584}.AppStore|Any CPU.Build.0 = Release|x86
		{0C474D1F-65C5-4BCF-82C8-B66F62070584}.AppStore|Any CPU.Deploy.0 = Release|x86
		{0C474D1F-65C5-4BCF-82C8-B66F62070584}.AppStore|ARM.ActiveCfg = Release|ARM
		{0C474D1F-65C5-4BCF-82C8-B66F62070584}.AppStore|ARM.Build.0 = Release|ARM
		{0C474D1F-65C5-4BCF-82C8-B66F62070584}.AppStore|ARM.Deploy.0 = Release|ARM
		{0C474D1F-65C5-4BCF-82C8-B66F62070584}.AppStore|iPhone.ActiveCfg = Release|x86
		{0C474D1F-65C5-4BCF-82C8-B66F62070584}.AppStore|iPhone.Build.0 = Release|x86
		{0C474D1F-65C5-4BCF-82C8-B66F62070584}.AppStore|iPhone.Deploy.0 = Release|x86
		{0C474D1F-65C5-4BCF-82C8-B66F62070584}.AppStore|iPhoneSimulator.ActiveCfg = Release|x86
		{0C474D1F-65C5-4BCF-82C8-B66F62070584}.AppStore|iPhoneSimulator.Build.0 = Release|x86
		{0C474D1F-65C5-4BCF-82C8-B66F62070584}.AppStore|iPhoneSimulator.Deploy.0 = Release|x86
		{0C474D1F-65C5-4BCF-82C8-B66F62070584}.AppStore|x64.ActiveCfg = Release|x64
		{0C474D1F-65C5-4BCF-82C8-B66F62070584}.AppStore|x64.Build.0 = Release|x64
		{0C474D1F-65C5-4BCF-82C8-B66F62070584}.AppStore|x64.Deploy.0 = Release|x64
		{0C474D1F-65C5-4BCF-82C8-B66F62070584}.AppStore|x86.ActiveCfg = Release|x86
		{0C474D1F-65C5-4BCF-82C8-B66F62070584}.AppStore|x86.Build.0 = Release|x86
		{0C474D1F-65C5-4BCF-82C8-B66F62070584}.AppStore|x86.Deploy.0 = Release|x86
		{0C474D1F-65C5-4BCF-82C8-B66F62070584}.Debug|Any CPU.ActiveCfg = Debug|x86
		{0C474D1F-65C5-4BCF-82C8-B66F62070584}.Debug|ARM.ActiveCfg = Debug|ARM
		{0C474D1F-65C5-4BCF-82C8-B66F62070584}.Debug|ARM.Build.0 = Debug|ARM
		{0C474D1F-65C5-4BCF-82C8-B66F62070584}.Debug|ARM.Deploy.0 = Debug|ARM
		{0C474D1F-65C5-4BCF-82C8-B66F62070584}.Debug|iPhone.ActiveCfg = Debug|x86
		{0C474D1F-65C5-4BCF-82C8-B66F62070584}.Debug|iPhoneSimulator.ActiveCfg = Debug|x86
		{0C474D1F-65C5-4BCF-82C8-B66F62070584}.Debug|x64.ActiveCfg = Debug|x64
		{0C474D1F-65C5-4BCF-82C8-B66F62070584}.Debug|x64.Build.0 = Debug|x64
		{0C474D1F-65C5-4BCF-82C8-B66F62070584}.Debug|x64.Deploy.0 = Debug|x64
		{0C474D1F-65C5-4BCF-82C8-B66F62070584}.Debug|x86.ActiveCfg = Debug|x86
		{0C474D1F-65C5-4BCF-82C8-B66F62070584}.Debug|x86.Build.0 = Debug|x86
		{0C474D1F-65C5-4BCF-82C8-B66F62070584}.Debug|x86.Deploy.0 = Debug|x86
		{0C474D1F-65C5-4BCF-82C8-B66F62070584}.Release|Any CPU.ActiveCfg = Release|x86
		{0C474D1F-65C5-4BCF-82C8-B66F62070584}.Release|ARM.ActiveCfg = Release|ARM
		{0C474D1F-65C5-4BCF-82C8-B66F62070584}.Release|ARM.Build.0 = Release|ARM
		{0C474D1F-65C5-4BCF-82C8-B66F62070584}.Release|ARM.Deploy.0 = Release|ARM
		{0C474D1F-65C5-4BCF-82C8-B66F62070584}.Release|iPhone.ActiveCfg = Release|x86
		{0C474D1F-65C5-4BCF-82C8-B66F62070584}.Release|iPhoneSimulator.ActiveCfg = Release|x86
		{0C474D1F-65C5-4BCF-82C8-B66F62070584}.Release|x64.ActiveCfg = Release|x64
		{0C474D1F-65C5-4BCF-82C8-B66F62070584}.Release|x64.Build.0 = Release|x64
		{0C474D1F-65C5-4BCF-82C8-B66F62070584}.Release|x64.Deploy.0 = Release|x64
		{0C474D1F-65C5-4BCF-82C8-B66F62070584}.Release|x86.ActiveCfg = Release|x86
		{0C474D1F-65C5-4BCF-82C8-B66F62070584}.Release|x86.Build.0 = Release|x86
		{0C474D1F-65C5-4BCF-82C8-B66F62070584}.Release|x86.Deploy.0 = Release|x86
	EndGlobalSection
	GlobalSection(SolutionProperties) = preSolution
		HideSolutionNode = FALSE
	EndGlobalSection
EndGlobal
